// !$*UTF8*$!
{
	archiveVersion = 1;
	classes = {
	};
	objectVersion = 46;
	objects = {

/* Begin PBXBuildFile section */
		08306A5B75C0E85A5D8FE32C /* Pods_rouletteTests.framework in Frameworks */ = {isa = PBXBuildFile; fileRef = 48B23D5C21E14B27C1184551 /* Pods_rouletteTests.framework */; };
		12AB920C1DFDB9E4613E64D7 /* Pods_rouletteUITests.framework in Frameworks */ = {isa = PBXBuildFile; fileRef = 3B347679BC92F1258B2C3134 /* Pods_rouletteUITests.framework */; };
		1E5AA876C89FB3EDF16811FB /* Pods_roulette.framework in Frameworks */ = {isa = PBXBuildFile; fileRef = 6305DABFC9D060EA1596A0CA /* Pods_roulette.framework */; };
		EB7540261ED8063800628E4F /* AppDelegate.swift in Sources */ = {isa = PBXBuildFile; fileRef = EB7540251ED8063800628E4F /* AppDelegate.swift */; };
		EB7540281ED8063800628E4F /* ViewController.swift in Sources */ = {isa = PBXBuildFile; fileRef = EB7540271ED8063800628E4F /* ViewController.swift */; };
		EB75402B1ED8063800628E4F /* Main.storyboard in Resources */ = {isa = PBXBuildFile; fileRef = EB7540291ED8063800628E4F /* Main.storyboard */; };
		EB75402E1ED8063800628E4F /* roulette.xcdatamodeld in Sources */ = {isa = PBXBuildFile; fileRef = EB75402C1ED8063800628E4F /* roulette.xcdatamodeld */; };
		EB7540301ED8063800628E4F /* Assets.xcassets in Resources */ = {isa = PBXBuildFile; fileRef = EB75402F1ED8063800628E4F /* Assets.xcassets */; };
		EB7540331ED8063800628E4F /* LaunchScreen.storyboard in Resources */ = {isa = PBXBuildFile; fileRef = EB7540311ED8063800628E4F /* LaunchScreen.storyboard */; };
		EB75403E1ED8063900628E4F /* rouletteTests.swift in Sources */ = {isa = PBXBuildFile; fileRef = EB75403D1ED8063900628E4F /* rouletteTests.swift */; };
		EB7540491ED8063900628E4F /* rouletteUITests.swift in Sources */ = {isa = PBXBuildFile; fileRef = EB7540481ED8063900628E4F /* rouletteUITests.swift */; };
/* End PBXBuildFile section */

/* Begin PBXContainerItemProxy section */
		EB75403A1ED8063900628E4F /* PBXContainerItemProxy */ = {
			isa = PBXContainerItemProxy;
			containerPortal = EB75401A1ED8063800628E4F /* Project object */;
			proxyType = 1;
			remoteGlobalIDString = EB7540211ED8063800628E4F;
			remoteInfo = roulette;
		};
		EB7540451ED8063900628E4F /* PBXContainerItemProxy */ = {
			isa = PBXContainerItemProxy;
			containerPortal = EB75401A1ED8063800628E4F /* Project object */;
			proxyType = 1;
			remoteGlobalIDString = EB7540211ED8063800628E4F;
			remoteInfo = roulette;
		};
/* End PBXContainerItemProxy section */

/* Begin PBXFileReference section */
		1269A12C4CF9713E9DCC8F48 /* Pods-roulette.debug.xcconfig */ = {isa = PBXFileReference; includeInIndex = 1; lastKnownFileType = text.xcconfig; name = "Pods-roulette.debug.xcconfig"; path = "Pods/Target Support Files/Pods-roulette/Pods-roulette.debug.xcconfig"; sourceTree = "<group>"; };
		3290D9CC3A59DE0958347540 /* Pods-rouletteTests.release.xcconfig */ = {isa = PBXFileReference; includeInIndex = 1; lastKnownFileType = text.xcconfig; name = "Pods-rouletteTests.release.xcconfig"; path = "Pods/Target Support Files/Pods-rouletteTests/Pods-rouletteTests.release.xcconfig"; sourceTree = "<group>"; };
		3B347679BC92F1258B2C3134 /* Pods_rouletteUITests.framework */ = {isa = PBXFileReference; explicitFileType = wrapper.framework; includeInIndex = 0; path = Pods_rouletteUITests.framework; sourceTree = BUILT_PRODUCTS_DIR; };
		48B23D5C21E14B27C1184551 /* Pods_rouletteTests.framework */ = {isa = PBXFileReference; explicitFileType = wrapper.framework; includeInIndex = 0; path = Pods_rouletteTests.framework; sourceTree = BUILT_PRODUCTS_DIR; };
		6305DABFC9D060EA1596A0CA /* Pods_roulette.framework */ = {isa = PBXFileReference; explicitFileType = wrapper.framework; includeInIndex = 0; path = Pods_roulette.framework; sourceTree = BUILT_PRODUCTS_DIR; };
		64AA11B5B932C32F8FE82506 /* Pods-rouletteUITests.release.xcconfig */ = {isa = PBXFileReference; includeInIndex = 1; lastKnownFileType = text.xcconfig; name = "Pods-rouletteUITests.release.xcconfig"; path = "Pods/Target Support Files/Pods-rouletteUITests/Pods-rouletteUITests.release.xcconfig"; sourceTree = "<group>"; };
		84C994D3A51F0B66D7111FE2 /* Pods-roulette.release.xcconfig */ = {isa = PBXFileReference; includeInIndex = 1; lastKnownFileType = text.xcconfig; name = "Pods-roulette.release.xcconfig"; path = "Pods/Target Support Files/Pods-roulette/Pods-roulette.release.xcconfig"; sourceTree = "<group>"; };
		98307BE0E19777482B68E8E2 /* Pods-rouletteUITests.debug.xcconfig */ = {isa = PBXFileReference; includeInIndex = 1; lastKnownFileType = text.xcconfig; name = "Pods-rouletteUITests.debug.xcconfig"; path = "Pods/Target Support Files/Pods-rouletteUITests/Pods-rouletteUITests.debug.xcconfig"; sourceTree = "<group>"; };
		C97C4ED1341F05EB6BD7BA87 /* Pods-rouletteTests.debug.xcconfig */ = {isa = PBXFileReference; includeInIndex = 1; lastKnownFileType = text.xcconfig; name = "Pods-rouletteTests.debug.xcconfig"; path = "Pods/Target Support Files/Pods-rouletteTests/Pods-rouletteTests.debug.xcconfig"; sourceTree = "<group>"; };
		EB7540221ED8063800628E4F /* roulette.app */ = {isa = PBXFileReference; explicitFileType = wrapper.application; includeInIndex = 0; path = roulette.app; sourceTree = BUILT_PRODUCTS_DIR; };
		EB7540251ED8063800628E4F /* AppDelegate.swift */ = {isa = PBXFileReference; lastKnownFileType = sourcecode.swift; path = AppDelegate.swift; sourceTree = "<group>"; };
		EB7540271ED8063800628E4F /* ViewController.swift */ = {isa = PBXFileReference; lastKnownFileType = sourcecode.swift; path = ViewController.swift; sourceTree = "<group>"; };
		EB75402A1ED8063800628E4F /* Base */ = {isa = PBXFileReference; lastKnownFileType = file.storyboard; name = Base; path = Base.lproj/Main.storyboard; sourceTree = "<group>"; };
		EB75402D1ED8063800628E4F /* roulette.xcdatamodel */ = {isa = PBXFileReference; lastKnownFileType = wrapper.xcdatamodel; path = roulette.xcdatamodel; sourceTree = "<group>"; };
		EB75402F1ED8063800628E4F /* Assets.xcassets */ = {isa = PBXFileReference; lastKnownFileType = folder.assetcatalog; path = Assets.xcassets; sourceTree = "<group>"; };
		EB7540321ED8063800628E4F /* Base */ = {isa = PBXFileReference; lastKnownFileType = file.storyboard; name = Base; path = Base.lproj/LaunchScreen.storyboard; sourceTree = "<group>"; };
		EB7540341ED8063800628E4F /* Info.plist */ = {isa = PBXFileReference; lastKnownFileType = text.plist.xml; path = Info.plist; sourceTree = "<group>"; };
		EB7540391ED8063900628E4F /* rouletteTests.xctest */ = {isa = PBXFileReference; explicitFileType = wrapper.cfbundle; includeInIndex = 0; path = rouletteTests.xctest; sourceTree = BUILT_PRODUCTS_DIR; };
		EB75403D1ED8063900628E4F /* rouletteTests.swift */ = {isa = PBXFileReference; lastKnownFileType = sourcecode.swift; path = rouletteTests.swift; sourceTree = "<group>"; };
		EB75403F1ED8063900628E4F /* Info.plist */ = {isa = PBXFileReference; lastKnownFileType = text.plist.xml; path = Info.plist; sourceTree = "<group>"; };
		EB7540441ED8063900628E4F /* rouletteUITests.xctest */ = {isa = PBXFileReference; explicitFileType = wrapper.cfbundle; includeInIndex = 0; path = rouletteUITests.xctest; sourceTree = BUILT_PRODUCTS_DIR; };
		EB7540481ED8063900628E4F /* rouletteUITests.swift */ = {isa = PBXFileReference; lastKnownFileType = sourcecode.swift; path = rouletteUITests.swift; sourceTree = "<group>"; };
		EB75404A1ED8063900628E4F /* Info.plist */ = {isa = PBXFileReference; lastKnownFileType = text.plist.xml; path = Info.plist; sourceTree = "<group>"; };
/* End PBXFileReference section */

/* Begin PBXFrameworksBuildPhase section */
		EB75401F1ED8063800628E4F /* Frameworks */ = {
			isa = PBXFrameworksBuildPhase;
			buildActionMask = 2147483647;
			files = (
				1E5AA876C89FB3EDF16811FB /* Pods_roulette.framework in Frameworks */,
			);
			runOnlyForDeploymentPostprocessing = 0;
		};
		EB7540361ED8063900628E4F /* Frameworks */ = {
			isa = PBXFrameworksBuildPhase;
			buildActionMask = 2147483647;
			files = (
				08306A5B75C0E85A5D8FE32C /* Pods_rouletteTests.framework in Frameworks */,
			);
			runOnlyForDeploymentPostprocessing = 0;
		};
		EB7540411ED8063900628E4F /* Frameworks */ = {
			isa = PBXFrameworksBuildPhase;
			buildActionMask = 2147483647;
			files = (
				12AB920C1DFDB9E4613E64D7 /* Pods_rouletteUITests.framework in Frameworks */,
			);
			runOnlyForDeploymentPostprocessing = 0;
		};
/* End PBXFrameworksBuildPhase section */

/* Begin PBXGroup section */
		7893380C7EF8FBF93D62B541 /* Frameworks */ = {
			isa = PBXGroup;
			children = (
				6305DABFC9D060EA1596A0CA /* Pods_roulette.framework */,
				48B23D5C21E14B27C1184551 /* Pods_rouletteTests.framework */,
				3B347679BC92F1258B2C3134 /* Pods_rouletteUITests.framework */,
			);
			name = Frameworks;
			sourceTree = "<group>";
		};
		BD0FCE4A7ED30BF3D1952E2C /* Pods */ = {
			isa = PBXGroup;
			children = (
				1269A12C4CF9713E9DCC8F48 /* Pods-roulette.debug.xcconfig */,
				84C994D3A51F0B66D7111FE2 /* Pods-roulette.release.xcconfig */,
				C97C4ED1341F05EB6BD7BA87 /* Pods-rouletteTests.debug.xcconfig */,
				3290D9CC3A59DE0958347540 /* Pods-rouletteTests.release.xcconfig */,
				98307BE0E19777482B68E8E2 /* Pods-rouletteUITests.debug.xcconfig */,
				64AA11B5B932C32F8FE82506 /* Pods-rouletteUITests.release.xcconfig */,
			);
			name = Pods;
			sourceTree = "<group>";
		};
		EB7540191ED8063800628E4F = {
			isa = PBXGroup;
			children = (
				EB7540241ED8063800628E4F /* roulette */,
				EB75403C1ED8063900628E4F /* rouletteTests */,
				EB7540471ED8063900628E4F /* rouletteUITests */,
				EB7540231ED8063800628E4F /* Products */,
				BD0FCE4A7ED30BF3D1952E2C /* Pods */,
				7893380C7EF8FBF93D62B541 /* Frameworks */,
			);
			sourceTree = "<group>";
		};
		EB7540231ED8063800628E4F /* Products */ = {
			isa = PBXGroup;
			children = (
				EB7540221ED8063800628E4F /* roulette.app */,
				EB7540391ED8063900628E4F /* rouletteTests.xctest */,
				EB7540441ED8063900628E4F /* rouletteUITests.xctest */,
			);
			name = Products;
			sourceTree = "<group>";
		};
		EB7540241ED8063800628E4F /* roulette */ = {
			isa = PBXGroup;
			children = (
				EB7540251ED8063800628E4F /* AppDelegate.swift */,
				EB7540271ED8063800628E4F /* ViewController.swift */,
				EB7540291ED8063800628E4F /* Main.storyboard */,
				EB75402F1ED8063800628E4F /* Assets.xcassets */,
				EB7540311ED8063800628E4F /* LaunchScreen.storyboard */,
				EB7540341ED8063800628E4F /* Info.plist */,
				EB75402C1ED8063800628E4F /* roulette.xcdatamodeld */,
			);
			path = roulette;
			sourceTree = "<group>";
		};
		EB75403C1ED8063900628E4F /* rouletteTests */ = {
			isa = PBXGroup;
			children = (
				EB75403D1ED8063900628E4F /* rouletteTests.swift */,
				EB75403F1ED8063900628E4F /* Info.plist */,
			);
			path = rouletteTests;
			sourceTree = "<group>";
		};
		EB7540471ED8063900628E4F /* rouletteUITests */ = {
			isa = PBXGroup;
			children = (
				EB7540481ED8063900628E4F /* rouletteUITests.swift */,
				EB75404A1ED8063900628E4F /* Info.plist */,
			);
			path = rouletteUITests;
			sourceTree = "<group>";
		};
/* End PBXGroup section */

/* Begin PBXNativeTarget section */
		EB7540211ED8063800628E4F /* roulette */ = {
			isa = PBXNativeTarget;
			buildConfigurationList = EB75404D1ED8063900628E4F /* Build configuration list for PBXNativeTarget "roulette" */;
			buildPhases = (
				2B9BE1C310B213523741C421 /* [CP] Check Pods Manifest.lock */,
				EB75401E1ED8063800628E4F /* Sources */,
				EB75401F1ED8063800628E4F /* Frameworks */,
				EB7540201ED8063800628E4F /* Resources */,
				B6E9F0904C0621D99104E884 /* [CP] Embed Pods Frameworks */,
				EAC4FDAB1C7DC700108D8E47 /* [CP] Copy Pods Resources */,
			);
			buildRules = (
			);
			dependencies = (
			);
			name = roulette;
			productName = roulette;
			productReference = EB7540221ED8063800628E4F /* roulette.app */;
			productType = "com.apple.product-type.application";
		};
		EB7540381ED8063900628E4F /* rouletteTests */ = {
			isa = PBXNativeTarget;
			buildConfigurationList = EB7540501ED8063900628E4F /* Build configuration list for PBXNativeTarget "rouletteTests" */;
			buildPhases = (
				FDEC6FD5DC1F24277A9FAEFD /* [CP] Check Pods Manifest.lock */,
				EB7540351ED8063900628E4F /* Sources */,
				EB7540361ED8063900628E4F /* Frameworks */,
				EB7540371ED8063900628E4F /* Resources */,
				91831D37892D00553E79F4BB /* [CP] Embed Pods Frameworks */,
				AED104BC7E2B9B19C4F0556D /* [CP] Copy Pods Resources */,
			);
			buildRules = (
			);
			dependencies = (
				EB75403B1ED8063900628E4F /* PBXTargetDependency */,
			);
			name = rouletteTests;
			productName = rouletteTests;
			productReference = EB7540391ED8063900628E4F /* rouletteTests.xctest */;
			productType = "com.apple.product-type.bundle.unit-test";
		};
		EB7540431ED8063900628E4F /* rouletteUITests */ = {
			isa = PBXNativeTarget;
			buildConfigurationList = EB7540531ED8063900628E4F /* Build configuration list for PBXNativeTarget "rouletteUITests" */;
			buildPhases = (
				947D47BD9A19D7EAE64F4C27 /* [CP] Check Pods Manifest.lock */,
				EB7540401ED8063900628E4F /* Sources */,
				EB7540411ED8063900628E4F /* Frameworks */,
				EB7540421ED8063900628E4F /* Resources */,
				9D7ACBD64FD483EBBB079640 /* [CP] Embed Pods Frameworks */,
				5DABCA93E642589B69A7C90F /* [CP] Copy Pods Resources */,
			);
			buildRules = (
			);
			dependencies = (
				EB7540461ED8063900628E4F /* PBXTargetDependency */,
			);
			name = rouletteUITests;
			productName = rouletteUITests;
			productReference = EB7540441ED8063900628E4F /* rouletteUITests.xctest */;
			productType = "com.apple.product-type.bundle.ui-testing";
		};
/* End PBXNativeTarget section */

/* Begin PBXProject section */
		EB75401A1ED8063800628E4F /* Project object */ = {
			isa = PBXProject;
			attributes = {
				LastSwiftUpdateCheck = 0820;
				LastUpgradeCheck = 0820;
				ORGANIZATIONNAME = K.Hirosawa;
				TargetAttributes = {
					EB7540211ED8063800628E4F = {
						CreatedOnToolsVersion = 8.2.1;
						DevelopmentTeam = Z77ZJBL466;
						ProvisioningStyle = Automatic;
					};
					EB7540381ED8063900628E4F = {
						CreatedOnToolsVersion = 8.2.1;
						DevelopmentTeam = Z77ZJBL466;
						ProvisioningStyle = Automatic;
						TestTargetID = EB7540211ED8063800628E4F;
					};
					EB7540431ED8063900628E4F = {
						CreatedOnToolsVersion = 8.2.1;
						DevelopmentTeam = Z77ZJBL466;
						ProvisioningStyle = Automatic;
						TestTargetID = EB7540211ED8063800628E4F;
					};
				};
			};
			buildConfigurationList = EB75401D1ED8063800628E4F /* Build configuration list for PBXProject "roulette" */;
			compatibilityVersion = "Xcode 3.2";
			developmentRegion = English;
			hasScannedForEncodings = 0;
			knownRegions = (
				en,
				Base,
			);
			mainGroup = EB7540191ED8063800628E4F;
			productRefGroup = EB7540231ED8063800628E4F /* Products */;
			projectDirPath = "";
			projectRoot = "";
			targets = (
				EB7540211ED8063800628E4F /* roulette */,
				EB7540381ED8063900628E4F /* rouletteTests */,
				EB7540431ED8063900628E4F /* rouletteUITests */,
			);
		};
/* End PBXProject section */

/* Begin PBXResourcesBuildPhase section */
		EB7540201ED8063800628E4F /* Resources */ = {
			isa = PBXResourcesBuildPhase;
			buildActionMask = 2147483647;
			files = (
				EB7540331ED8063800628E4F /* LaunchScreen.storyboard in Resources */,
				EB7540301ED8063800628E4F /* Assets.xcassets in Resources */,
				EB75402B1ED8063800628E4F /* Main.storyboard in Resources */,
			);
			runOnlyForDeploymentPostprocessing = 0;
		};
		EB7540371ED8063900628E4F /* Resources */ = {
			isa = PBXResourcesBuildPhase;
			buildActionMask = 2147483647;
			files = (
			);
			runOnlyForDeploymentPostprocessing = 0;
		};
		EB7540421ED8063900628E4F /* Resources */ = {
			isa = PBXResourcesBuildPhase;
			buildActionMask = 2147483647;
			files = (
			);
			runOnlyForDeploymentPostprocessing = 0;
		};
/* End PBXResourcesBuildPhase section */

/* Begin PBXShellScriptBuildPhase section */
		2B9BE1C310B213523741C421 /* [CP] Check Pods Manifest.lock */ = {
			isa = PBXShellScriptBuildPhase;
			buildActionMask = 2147483647;
			files = (
			);
			inputPaths = (
			);
			name = "[CP] Check Pods Manifest.lock";
			outputPaths = (
			);
			runOnlyForDeploymentPostprocessing = 0;
			shellPath = /bin/sh;
			shellScript = "diff \"${PODS_PODFILE_DIR_PATH}/Podfile.lock\" \"${PODS_ROOT}/Manifest.lock\" > /dev/null\nif [ $? != 0 ] ; then\n    # print error to STDERR\n    echo \"error: The sandbox is not in sync with the Podfile.lock. Run 'pod install' or update your CocoaPods installation.\" >&2\n    exit 1\nfi\n";
			showEnvVarsInLog = 0;
		};
		5DABCA93E642589B69A7C90F /* [CP] Copy Pods Resources */ = {
			isa = PBXShellScriptBuildPhase;
			buildActionMask = 2147483647;
			files = (
			);
			inputPaths = (
			);
			name = "[CP] Copy Pods Resources";
			outputPaths = (
			);
			runOnlyForDeploymentPostprocessing = 0;
			shellPath = /bin/sh;
			shellScript = "\"${SRCROOT}/Pods/Target Support Files/Pods-rouletteUITests/Pods-rouletteUITests-resources.sh\"\n";
			showEnvVarsInLog = 0;
		};
		91831D37892D00553E79F4BB /* [CP] Embed Pods Frameworks */ = {
			isa = PBXShellScriptBuildPhase;
			buildActionMask = 2147483647;
			files = (
			);
			inputPaths = (
			);
			name = "[CP] Embed Pods Frameworks";
			outputPaths = (
			);
			runOnlyForDeploymentPostprocessing = 0;
			shellPath = /bin/sh;
			shellScript = "\"${SRCROOT}/Pods/Target Support Files/Pods-rouletteTests/Pods-rouletteTests-frameworks.sh\"\n";
			showEnvVarsInLog = 0;
		};
		947D47BD9A19D7EAE64F4C27 /* [CP] Check Pods Manifest.lock */ = {
			isa = PBXShellScriptBuildPhase;
			buildActionMask = 2147483647;
			files = (
			);
			inputPaths = (
			);
			name = "[CP] Check Pods Manifest.lock";
			outputPaths = (
			);
			runOnlyForDeploymentPostprocessing = 0;
			shellPath = /bin/sh;
			shellScript = "diff \"${PODS_PODFILE_DIR_PATH}/Podfile.lock\" \"${PODS_ROOT}/Manifest.lock\" > /dev/null\nif [ $? != 0 ] ; then\n    # print error to STDERR\n    echo \"error: The sandbox is not in sync with the Podfile.lock. Run 'pod install' or update your CocoaPods installation.\" >&2\n    exit 1\nfi\n";
			showEnvVarsInLog = 0;
		};
		9D7ACBD64FD483EBBB079640 /* [CP] Embed Pods Frameworks */ = {
			isa = PBXShellScriptBuildPhase;
			buildActionMask = 2147483647;
			files = (
			);
			inputPaths = (
			);
			name = "[CP] Embed Pods Frameworks";
			outputPaths = (
			);
			runOnlyForDeploymentPostprocessing = 0;
			shellPath = /bin/sh;
			shellScript = "\"${SRCROOT}/Pods/Target Support Files/Pods-rouletteUITests/Pods-rouletteUITests-frameworks.sh\"\n";
			showEnvVarsInLog = 0;
		};
		AED104BC7E2B9B19C4F0556D /* [CP] Copy Pods Resources */ = {
			isa = PBXShellScriptBuildPhase;
			buildActionMask = 2147483647;
			files = (
			);
			inputPaths = (
			);
			name = "[CP] Copy Pods Resources";
			outputPaths = (
			);
			runOnlyForDeploymentPostprocessing = 0;
			shellPath = /bin/sh;
			shellScript = "\"${SRCROOT}/Pods/Target Support Files/Pods-rouletteTests/Pods-rouletteTests-resources.sh\"\n";
			showEnvVarsInLog = 0;
		};
		B6E9F0904C0621D99104E884 /* [CP] Embed Pods Frameworks */ = {
			isa = PBXShellScriptBuildPhase;
			buildActionMask = 2147483647;
			files = (
			);
			inputPaths = (
			);
			name = "[CP] Embed Pods Frameworks";
			outputPaths = (
			);
			runOnlyForDeploymentPostprocessing = 0;
			shellPath = /bin/sh;
			shellScript = "\"${SRCROOT}/Pods/Target Support Files/Pods-roulette/Pods-roulette-frameworks.sh\"\n";
			showEnvVarsInLog = 0;
		};
		EAC4FDAB1C7DC700108D8E47 /* [CP] Copy Pods Resources */ = {
			isa = PBXShellScriptBuildPhase;
			buildActionMask = 2147483647;
			files = (
			);
			inputPaths = (
			);
			name = "[CP] Copy Pods Resources";
			outputPaths = (
			);
			runOnlyForDeploymentPostprocessing = 0;
			shellPath = /bin/sh;
			shellScript = "\"${SRCROOT}/Pods/Target Support Files/Pods-roulette/Pods-roulette-resources.sh\"\n";
			showEnvVarsInLog = 0;
		};
		FDEC6FD5DC1F24277A9FAEFD /* [CP] Check Pods Manifest.lock */ = {
			isa = PBXShellScriptBuildPhase;
			buildActionMask = 2147483647;
			files = (
			);
			inputPaths = (
			);
			name = "[CP] Check Pods Manifest.lock";
			outputPaths = (
			);
			runOnlyForDeploymentPostprocessing = 0;
			shellPath = /bin/sh;
			shellScript = "diff \"${PODS_PODFILE_DIR_PATH}/Podfile.lock\" \"${PODS_ROOT}/Manifest.lock\" > /dev/null\nif [ $? != 0 ] ; then\n    # print error to STDERR\n    echo \"error: The sandbox is not in sync with the Podfile.lock. Run 'pod install' or update your CocoaPods installation.\" >&2\n    exit 1\nfi\n";
			showEnvVarsInLog = 0;
		};
/* End PBXShellScriptBuildPhase section */

/* Begin PBXSourcesBuildPhase section */
		EB75401E1ED8063800628E4F /* Sources */ = {
			isa = PBXSourcesBuildPhase;
			buildActionMask = 2147483647;
			files = (
				EB7540281ED8063800628E4F /* ViewController.swift in Sources */,
				EB75402E1ED8063800628E4F /* roulette.xcdatamodeld in Sources */,
				EB7540261ED8063800628E4F /* AppDelegate.swift in Sources */,
			);
			runOnlyForDeploymentPostprocessing = 0;
		};
		EB7540351ED8063900628E4F /* Sources */ = {
			isa = PBXSourcesBuildPhase;
			buildActionMask = 2147483647;
			files = (
				EB75403E1ED8063900628E4F /* rouletteTests.swift in Sources */,
			);
			runOnlyForDeploymentPostprocessing = 0;
		};
		EB7540401ED8063900628E4F /* Sources */ = {
			isa = PBXSourcesBuildPhase;
			buildActionMask = 2147483647;
			files = (
				EB7540491ED8063900628E4F /* rouletteUITests.swift in Sources */,
			);
			runOnlyForDeploymentPostprocessing = 0;
		};
/* End PBXSourcesBuildPhase section */

/* Begin PBXTargetDependency section */
		EB75403B1ED8063900628E4F /* PBXTargetDependency */ = {
			isa = PBXTargetDependency;
			target = EB7540211ED8063800628E4F /* roulette */;
			targetProxy = EB75403A1ED8063900628E4F /* PBXContainerItemProxy */;
		};
		EB7540461ED8063900628E4F /* PBXTargetDependency */ = {
			isa = PBXTargetDependency;
			target = EB7540211ED8063800628E4F /* roulette */;
			targetProxy = EB7540451ED8063900628E4F /* PBXContainerItemProxy */;
		};
/* End PBXTargetDependency section */

/* Begin PBXVariantGroup section */
		EB7540291ED8063800628E4F /* Main.storyboard */ = {
			isa = PBXVariantGroup;
			children = (
				EB75402A1ED8063800628E4F /* Base */,
			);
			name = Main.storyboard;
			sourceTree = "<group>";
		};
		EB7540311ED8063800628E4F /* LaunchScreen.storyboard */ = {
			isa = PBXVariantGroup;
			children = (
				EB7540321ED8063800628E4F /* Base */,
			);
			name = LaunchScreen.storyboard;
			sourceTree = "<group>";
		};
/* End PBXVariantGroup section */

/* Begin XCBuildConfiguration section */
		EB75404B1ED8063900628E4F /* Debug */ = {
			isa = XCBuildConfiguration;
			buildSettings = {
				ALWAYS_SEARCH_USER_PATHS = NO;
				CLANG_ANALYZER_NONNULL = YES;
				CLANG_CXX_LANGUAGE_STANDARD = "gnu++0x";
				CLANG_CXX_LIBRARY = "libc++";
				CLANG_ENABLE_MODULES = YES;
				CLANG_ENABLE_OBJC_ARC = YES;
				CLANG_WARN_BOOL_CONVERSION = YES;
				CLANG_WARN_CONSTANT_CONVERSION = YES;
				CLANG_WARN_DIRECT_OBJC_ISA_USAGE = YES_ERROR;
				CLANG_WARN_DOCUMENTATION_COMMENTS = YES;
				CLANG_WARN_EMPTY_BODY = YES;
				CLANG_WARN_ENUM_CONVERSION = YES;
				CLANG_WARN_INFINITE_RECURSION = YES;
				CLANG_WARN_INT_CONVERSION = YES;
				CLANG_WARN_OBJC_ROOT_CLASS = YES_ERROR;
				CLANG_WARN_SUSPICIOUS_MOVE = YES;
				CLANG_WARN_UNREACHABLE_CODE = YES;
				CLANG_WARN__DUPLICATE_METHOD_MATCH = YES;
				"CODE_SIGN_IDENTITY[sdk=iphoneos*]" = "iPhone Developer";
				COPY_PHASE_STRIP = NO;
				DEBUG_INFORMATION_FORMAT = dwarf;
				ENABLE_STRICT_OBJC_MSGSEND = YES;
				ENABLE_TESTABILITY = YES;
				GCC_C_LANGUAGE_STANDARD = gnu99;
				GCC_DYNAMIC_NO_PIC = NO;
				GCC_NO_COMMON_BLOCKS = YES;
				GCC_OPTIMIZATION_LEVEL = 0;
				GCC_PREPROCESSOR_DEFINITIONS = (
					"DEBUG=1",
					"$(inherited)",
				);
				GCC_WARN_64_TO_32_BIT_CONVERSION = YES;
				GCC_WARN_ABOUT_RETURN_TYPE = YES_ERROR;
				GCC_WARN_UNDECLARED_SELECTOR = YES;
				GCC_WARN_UNINITIALIZED_AUTOS = YES_AGGRESSIVE;
				GCC_WARN_UNUSED_FUNCTION = YES;
				GCC_WARN_UNUSED_VARIABLE = YES;
				IPHONEOS_DEPLOYMENT_TARGET = 10.2;
				MTL_ENABLE_DEBUG_INFO = YES;
				ONLY_ACTIVE_ARCH = YES;
				SDKROOT = iphoneos;
				SWIFT_ACTIVE_COMPILATION_CONDITIONS = DEBUG;
				SWIFT_OPTIMIZATION_LEVEL = "-Onone";
			};
			name = Debug;
		};
		EB75404C1ED8063900628E4F /* Release */ = {
			isa = XCBuildConfiguration;
			buildSettings = {
				ALWAYS_SEARCH_USER_PATHS = NO;
				CLANG_ANALYZER_NONNULL = YES;
				CLANG_CXX_LANGUAGE_STANDARD = "gnu++0x";
				CLANG_CXX_LIBRARY = "libc++";
				CLANG_ENABLE_MODULES = YES;
				CLANG_ENABLE_OBJC_ARC = YES;
				CLANG_WARN_BOOL_CONVERSION = YES;
				CLANG_WARN_CONSTANT_CONVERSION = YES;
				CLANG_WARN_DIRECT_OBJC_ISA_USAGE = YES_ERROR;
				CLANG_WARN_DOCUMENTATION_COMMENTS = YES;
				CLANG_WARN_EMPTY_BODY = YES;
				CLANG_WARN_ENUM_CONVERSION = YES;
				CLANG_WARN_INFINITE_RECURSION = YES;
				CLANG_WARN_INT_CONVERSION = YES;
				CLANG_WARN_OBJC_ROOT_CLASS = YES_ERROR;
				CLANG_WARN_SUSPICIOUS_MOVE = YES;
				CLANG_WARN_UNREACHABLE_CODE = YES;
				CLANG_WARN__DUPLICATE_METHOD_MATCH = YES;
				"CODE_SIGN_IDENTITY[sdk=iphoneos*]" = "iPhone Developer";
				COPY_PHASE_STRIP = NO;
				DEBUG_INFORMATION_FORMAT = "dwarf-with-dsym";
				ENABLE_NS_ASSERTIONS = NO;
				ENABLE_STRICT_OBJC_MSGSEND = YES;
				GCC_C_LANGUAGE_STANDARD = gnu99;
				GCC_NO_COMMON_BLOCKS = YES;
				GCC_WARN_64_TO_32_BIT_CONVERSION = YES;
				GCC_WARN_ABOUT_RETURN_TYPE = YES_ERROR;
				GCC_WARN_UNDECLARED_SELECTOR = YES;
				GCC_WARN_UNINITIALIZED_AUTOS = YES_AGGRESSIVE;
				GCC_WARN_UNUSED_FUNCTION = YES;
				GCC_WARN_UNUSED_VARIABLE = YES;
				IPHONEOS_DEPLOYMENT_TARGET = 10.2;
				MTL_ENABLE_DEBUG_INFO = NO;
				SDKROOT = iphoneos;
				SWIFT_OPTIMIZATION_LEVEL = "-Owholemodule";
				VALIDATE_PRODUCT = YES;
			};
			name = Release;
		};
		EB75404E1ED8063900628E4F /* Debug */ = {
			isa = XCBuildConfiguration;
			baseConfigurationReference = 1269A12C4CF9713E9DCC8F48 /* Pods-roulette.debug.xcconfig */;
			buildSettings = {
				ASSETCATALOG_COMPILER_APPICON_NAME = AppIcon;
				DEVELOPMENT_TEAM = Z77ZJBL466;
				INFOPLIST_FILE = roulette/Info.plist;
				LD_RUNPATH_SEARCH_PATHS = "$(inherited) @executable_path/Frameworks";
				PRODUCT_BUNDLE_IDENTIFIER = click.boolean.roulette;
				PRODUCT_NAME = "$(TARGET_NAME)";
				SWIFT_VERSION = 3.0;
			};
			name = Debug;
		};
		EB75404F1ED8063900628E4F /* Release */ = {
			isa = XCBuildConfiguration;
			baseConfigurationReference = 84C994D3A51F0B66D7111FE2 /* Pods-roulette.release.xcconfig */;
			buildSettings = {
				ASSETCATALOG_COMPILER_APPICON_NAME = AppIcon;
				DEVELOPMENT_TEAM = Z77ZJBL466;
				INFOPLIST_FILE = roulette/Info.plist;
				LD_RUNPATH_SEARCH_PATHS = "$(inherited) @executable_path/Frameworks";
				PRODUCT_BUNDLE_IDENTIFIER = click.boolean.roulette;
				PRODUCT_NAME = "$(TARGET_NAME)";
				SWIFT_VERSION = 3.0;
			};
			name = Release;
		};
		EB7540511ED8063900628E4F /* Debug */ = {
			isa = XCBuildConfiguration;
			baseConfigurationReference = C97C4ED1341F05EB6BD7BA87 /* Pods-rouletteTests.debug.xcconfig */;
			buildSettings = {
				ALWAYS_EMBED_SWIFT_STANDARD_LIBRARIES = YES;
				BUNDLE_LOADER = "$(TEST_HOST)";
				DEVELOPMENT_TEAM = Z77ZJBL466;
				INFOPLIST_FILE = rouletteTests/Info.plist;
				LD_RUNPATH_SEARCH_PATHS = "$(inherited) @executable_path/Frameworks @loader_path/Frameworks";
				PRODUCT_BUNDLE_IDENTIFIER = click.boolean.rouletteTests;
				PRODUCT_NAME = "$(TARGET_NAME)";
				SWIFT_VERSION = 3.0;
				TEST_HOST = "$(BUILT_PRODUCTS_DIR)/roulette.app/roulette";
			};
			name = Debug;
		};
		EB7540521ED8063900628E4F /* Release */ = {
			isa = XCBuildConfiguration;
			baseConfigurationReference = 3290D9CC3A59DE0958347540 /* Pods-rouletteTests.release.xcconfig */;
			buildSettings = {
				ALWAYS_EMBED_SWIFT_STANDARD_LIBRARIES = YES;
				BUNDLE_LOADER = "$(TEST_HOST)";
				DEVELOPMENT_TEAM = Z77ZJBL466;
				INFOPLIST_FILE = rouletteTests/Info.plist;
				LD_RUNPATH_SEARCH_PATHS = "$(inherited) @executable_path/Frameworks @loader_path/Frameworks";
				PRODUCT_BUNDLE_IDENTIFIER = click.boolean.rouletteTests;
				PRODUCT_NAME = "$(TARGET_NAME)";
				SWIFT_VERSION = 3.0;
				TEST_HOST = "$(BUILT_PRODUCTS_DIR)/roulette.app/roulette";
			};
			name = Release;
		};
		EB7540541ED8063900628E4F /* Debug */ = {
			isa = XCBuildConfiguration;
			baseConfigurationReference = 98307BE0E19777482B68E8E2 /* Pods-rouletteUITests.debug.xcconfig */;
			buildSettings = {
				ALWAYS_EMBED_SWIFT_STANDARD_LIBRARIES = YES;
				DEVELOPMENT_TEAM = Z77ZJBL466;
				INFOPLIST_FILE = rouletteUITests/Info.plist;
				LD_RUNPATH_SEARCH_PATHS = "$(inherited) @executable_path/Frameworks @loader_path/Frameworks";
				PRODUCT_BUNDLE_IDENTIFIER = click.boolean.rouletteUITests;
				PRODUCT_NAME = "$(TARGET_NAME)";
				SWIFT_VERSION = 3.0;
				TEST_TARGET_NAME = roulette;
			};
			name = Debug;
		};
		EB7540551ED8063900628E4F /* Release */ = {
			isa = XCBuildConfiguration;
			baseConfigurationReference = 64AA11B5B932C32F8FE82506 /* Pods-rouletteUITests.release.xcconfig */;
			buildSettings = {
				ALWAYS_EMBED_SWIFT_STANDARD_LIBRARIES = YES;
				DEVELOPMENT_TEAM = Z77ZJBL466;
				INFOPLIST_FILE = rouletteUITests/Info.plist;
				LD_RUNPATH_SEARCH_PATHS = "$(inherited) @executable_path/Frameworks @loader_path/Frameworks";
				PRODUCT_BUNDLE_IDENTIFIER = click.boolean.rouletteUITests;
				PRODUCT_NAME = "$(TARGET_NAME)";
				SWIFT_VERSION = 3.0;
				TEST_TARGET_NAME = roulette;
			};
			name = Release;
		};
/* End XCBuildConfiguration section */

/* Begin XCConfigurationList section */
		EB75401D1ED8063800628E4F /* Build configuration list for PBXProject "roulette" */ = {
			isa = XCConfigurationList;
			buildConfigurations = (
				EB75404B1ED8063900628E4F /* Debug */,
				EB75404C1ED8063900628E4F /* Release */,
			);
			defaultConfigurationIsVisible = 0;
			defaultConfigurationName = Release;
		};
		EB75404D1ED8063900628E4F /* Build configuration list for PBXNativeTarget "roulette" */ = {
			isa = XCConfigurationList;
			buildConfigurations = (
				EB75404E1ED8063900628E4F /* Debug */,
				EB75404F1ED8063900628E4F /* Release */,
			);
			defaultConfigurationIsVisible = 0;
		};
		EB7540501ED8063900628E4F /* Build configuration list for PBXNativeTarget "rouletteTests" */ = {
			isa = XCConfigurationList;
			buildConfigurations = (
				EB7540511ED8063900628E4F /* Debug */,
				EB7540521ED8063900628E4F /* Release */,
			);
			defaultConfigurationIsVisible = 0;
		};
		EB7540531ED8063900628E4F /* Build configuration list for PBXNativeTarget "rouletteUITests" */ = {
			isa = XCConfigurationList;
			buildConfigurations = (
				EB7540541ED8063900628E4F /* Debug */,
				EB7540551ED8063900628E4F /* Release */,
			);
			defaultConfigurationIsVisible = 0;
		};
/* End XCConfigurationList section */

/* Begin XCVersionGroup section */
		EB75402C1ED8063800628E4F /* roulette.xcdatamodeld */ = {
			isa = XCVersionGroup;
			children = (
				EB75402D1ED8063800628E4F /* roulette.xcdatamodel */,
			);
			currentVersion = EB75402D1ED8063800628E4F /* roulette.xcdatamodel */;
			path = roulette.xcdatamodeld;
			sourceTree = "<group>";
			versionGroupType = wrapper.xcdatamodel;
		};
/* End XCVersionGroup section */
	};
	rootObject = EB75401A1ED8063800628E4F /* Project object */;
}
